PODS:
  - AFNetworking (3.0.4):
    - AFNetworking/NSURLSession (= 3.0.4)
    - AFNetworking/Reachability (= 3.0.4)
    - AFNetworking/Security (= 3.0.4)
    - AFNetworking/Serialization (= 3.0.4)
    - AFNetworking/UIKit (= 3.0.4)
  - AFNetworking/NSURLSession (3.0.4):
    - AFNetworking/Reachability
    - AFNetworking/Security
    - AFNetworking/Serialization
  - AFNetworking/Reachability (3.0.4)
  - AFNetworking/Security (3.0.4)
  - AFNetworking/Serialization (3.0.4)
  - AFNetworking/UIKit (3.0.4):
    - AFNetworking/NSURLSession
  - EZLoadingActivity (0.8)
  - GPUImage (0.1.7)
  - MBProgressHUD (0.9.2)
  - PKHUD (3.1.0)
  - SDWebImage (3.7.5):
    - SDWebImage/Core (= 3.7.5)
  - SDWebImage/Core (3.7.5)

DEPENDENCIES:
  - AFNetworking
  - EZLoadingActivity (~> 0.8)
  - GPUImage
  - MBProgressHUD (~> 0.9.2)
  - PKHUD
  - SDWebImage

SPEC CHECKSUMS:
  AFNetworking: a0075feb321559dc78d9d85b55d11caa19eabb93
  EZLoadingActivity: 6fd75a05765a4085f4b6fef6f62edf9f144b3139
  GPUImage: 733a5f0fab92df9de1c37ba9df520a833ccb406d
  MBProgressHUD: 1569cf7ace17a8bac47aabfbb8580a49690386d1
  PKHUD: 4167eccdb1b3a892fd80ce2b51cb6ba412a889ab
  SDWebImage: 69c6303e3348fba97e03f65d65d4fbc26740f461

COCOAPODS: 0.39.0
